<?xml version="1.0" encoding="utf-8"?>
<Project ToolsVersion="4.0" xmlns="http://schemas.microsoft.com/developer/msbuild/2003">
  <ItemGroup>
    <Filter Include="Resource Files">
      <UniqueIdentifier>{67DA6AB6-F800-4c08-8B7A-83BB121AAD01}</UniqueIdentifier>
      <Extensions>rc;ico;cur;bmp;dlg;rc2;rct;bin;rgs;gif;jpg;jpeg;jpe;resx;tiff;tif;png;wav;mfcribbon-ms</Extensions>
    </Filter>
    <Filter Include="Source Files">
      <UniqueIdentifier>{4FC737F1-C7A5-4376-A066-2A32D752A2FF}</UniqueIdentifier>
      <Extensions>cpp;c;cc;cxx;def;odl;idl;hpj;bat;asm;asmx</Extensions>
    </Filter>
    <Filter Include="Header Files">
      <UniqueIdentifier>{93995380-89BD-4b04-88EB-625FBE52EBFB}</UniqueIdentifier>
      <Extensions>h;hh;hpp;hxx;hm;inl;inc;ipp;xsd</Extensions>
    </Filter>
    <Filter Include="Header Files\common">
      <UniqueIdentifier>{2d46391b-c5c2-4325-be62-307594f6811e}</UniqueIdentifier>
    </Filter>
    <Filter Include="Header Files\log">
      <UniqueIdentifier>{f0282e1b-c3eb-44ce-89aa-3c3c2f8e025b}</UniqueIdentifier>
    </Filter>
    <Filter Include="Source Files\common">
      <UniqueIdentifier>{3ca429e1-26e1-4d5c-ad9f-bb9836ec2221}</UniqueIdentifier>
    </Filter>
    <Filter Include="Source Files\log">
      <UniqueIdentifier>{f3a8114d-e410-4c8d-b7d4-7f6d3fb6b645}</UniqueIdentifier>
    </Filter>
    <Filter Include="Header Files\database">
      <UniqueIdentifier>{12164b13-5226-4827-a681-f86fad4966a5}</UniqueIdentifier>
    </Filter>
    <Filter Include="Source Files\database">
      <UniqueIdentifier>{a9389e88-f26a-4d2d-a415-2c182a6e28b1}</UniqueIdentifier>
    </Filter>
  </ItemGroup>
  <ItemGroup>
    <ClInclude Include="..\..\src\common\SCPThreadTask.h">
      <Filter>Header Files\common</Filter>
    </ClInclude>
    <ClInclude Include="..\..\src\common\SCTask.h">
      <Filter>Header Files\common</Filter>
    </ClInclude>
    <ClInclude Include="..\..\src\common\SCThread.h">
      <Filter>Header Files\common</Filter>
    </ClInclude>
    <ClInclude Include="..\..\src\common\SCTypes.h">
      <Filter>Header Files\common</Filter>
    </ClInclude>
    <ClInclude Include="..\..\src\common\SCWindowsTask.h">
      <Filter>Header Files\common</Filter>
    </ClInclude>
    <ClInclude Include="..\..\src\log\SCLogDefine.h">
      <Filter>Header Files\log</Filter>
    </ClInclude>
    <ClInclude Include="..\..\src\log\SCLogFormat.h">
      <Filter>Header Files\log</Filter>
    </ClInclude>
    <ClInclude Include="..\..\src\log\SCLogger.h">
      <Filter>Header Files\log</Filter>
    </ClInclude>
    <ClInclude Include="..\..\src\log\SCLogStream.h">
      <Filter>Header Files\log</Filter>
    </ClInclude>
    <ClInclude Include="..\..\src\log\SCFileStream.h">
      <Filter>Header Files\log</Filter>
    </ClInclude>
    <ClInclude Include="..\..\src\castella\SCMutex.h">
      <Filter>Header Files\common</Filter>
    </ClInclude>
  </ItemGroup>
  <ItemGroup>
    <ClCompile Include="..\..\src\common\SCPThreadTask.cpp">
      <Filter>Source Files\common</Filter>
    </ClCompile>
    <ClCompile Include="..\..\src\common\SCWindowsTask.cpp">
      <Filter>Source Files\common</Filter>
    </ClCompile>
    <ClCompile Include="..\..\src\log\SCLogFormat.cpp">
      <Filter>Source Files\log</Filter>
    </ClCompile>
    <ClCompile Include="..\..\src\log\SCLogger.cpp">
      <Filter>Source Files\log</Filter>
    </ClCompile>
    <ClCompile Include="..\..\src\log\SCFileStream.cpp">
      <Filter>Source Files\log</Filter>
    </ClCompile>
  </ItemGroup>
  <ItemGroup>
    <None Include="..\..\src\log\SCLogger.inl">
      <Filter>Header Files\log</Filter>
    </None>
  </ItemGroup>
</Project>